
Microsoft Visual Studio Solution File, Format Version 12.00
# Visual Studio Version 17
VisualStudioVersion = 17.6.33723.286
MinimumVisualStudioVersion = 10.0.40219.1
Project("{FAE04EC0-301F-11D3-BF4B-00C04F79EFBC}") = "Dot Net7 WPF Obfuscar", "Dot Net7 WPF Obfuscar\Dot Net7 WPF Obfuscar.csproj", "{52641C0A-49E4-4D91-A2BC-DFB4DCC9D23D}"
EndProject
Global
	GlobalSection(SolutionConfigurationPlatforms) = preSolution
		Debug|Any CPU = Debug|Any CPU
		Release|Any CPU = Release|Any CPU
	EndGlobalSection
	GlobalSection(ProjectConfigurationPlatforms) = postSolution
		{52641C0A-49E4-4D91-A2BC-DFB4DCC9D23D}.Debug|Any CPU.ActiveCfg = Debug|Any CPU
		{52641C0A-49E4-4D91-A2BC-DFB4DCC9D23D}.Debug|Any CPU.Build.0 = Debug|Any CPU
		{52641C0A-49E4-4D91-A2BC-DFB4DCC9D23D}.Release|Any CPU.ActiveCfg = Release|Any CPU
		{52641C0A-49E4-4D91-A2BC-DFB4DCC9D23D}.Release|Any CPU.Build.0 = Release|Any CPU
	EndGlobalSection
	GlobalSection(SolutionProperties) = preSolution
		HideSolutionNode = FALSE
	EndGlobalSection
	GlobalSection(ExtensibilityGlobals) = postSolution
		SolutionGuid = {E29C7057-B50B-470A-A9AD-93BF6C8E81A4}
	EndGlobalSection
EndGlobal
